// !$*UTF8*$!
{
	archiveVersion = 1;
	classes = {
	};
	objectVersion = 50;
	objects = {

/* Begin PBXBuildFile section */
		A11C23B422A2820000B92D47 /* AppDelegate.swift in Sources */ = {isa = PBXBuildFile; fileRef = A11C23B322A2820000B92D47 /* AppDelegate.swift */; };
		A11C23B622A2820000B92D47 /* ViewController.swift in Sources */ = {isa = PBXBuildFile; fileRef = A11C23B522A2820000B92D47 /* ViewController.swift */; };
		A11C23B922A2820000B92D47 /* Main.storyboard in Resources */ = {isa = PBXBuildFile; fileRef = A11C23B722A2820000B92D47 /* Main.storyboard */; };
		A11C23BB22A2820100B92D47 /* Assets.xcassets in Resources */ = {isa = PBXBuildFile; fileRef = A11C23BA22A2820100B92D47 /* Assets.xcassets */; };
		A11C23BE22A2820100B92D47 /* LaunchScreen.storyboard in Resources */ = {isa = PBXBuildFile; fileRef = A11C23BC22A2820100B92D47 /* LaunchScreen.storyboard */; };
		A11C23C622A2A54B00B92D47 /* KindergartenTableViewController.swift in Sources */ = {isa = PBXBuildFile; fileRef = A11C23C522A2A54B00B92D47 /* KindergartenTableViewController.swift */; };
		A11C23C822A2AF8B00B92D47 /* MapViewController.swift in Sources */ = {isa = PBXBuildFile; fileRef = A11C23C722A2AF8B00B92D47 /* MapViewController.swift */; };
		A14B032722A3D55D004C7E98 /* Kidergarten.swift in Sources */ = {isa = PBXBuildFile; fileRef = A14B032622A3D55D004C7E98 /* Kidergarten.swift */; };
		A14B032922A3DC94004C7E98 /* DetailKidergartenTableViewController.swift in Sources */ = {isa = PBXBuildFile; fileRef = A14B032822A3DC94004C7E98 /* DetailKidergartenTableViewController.swift */; };
		A181135E22A45C84002A15C8 /* KiderImage.jpg in Resources */ = {isa = PBXBuildFile; fileRef = A181135D22A45C84002A15C8 /* KiderImage.jpg */; };
		A1A1684722B40FE500028C8C /* ChoiceViewController.swift in Sources */ = {isa = PBXBuildFile; fileRef = A1A1684622B40FE500028C8C /* ChoiceViewController.swift */; };
		A1A1684922B43C5400028C8C /* SearchViewController.swift in Sources */ = {isa = PBXBuildFile; fileRef = A1A1684822B43C5400028C8C /* SearchViewController.swift */; };
		A1A1684B22B44EDF00028C8C /* SchoolViewController.swift in Sources */ = {isa = PBXBuildFile; fileRef = A1A1684A22B44EDF00028C8C /* SchoolViewController.swift */; };
		A1A1684D22B4509A00028C8C /* SchoolTableViewController.swift in Sources */ = {isa = PBXBuildFile; fileRef = A1A1684C22B4509A00028C8C /* SchoolTableViewController.swift */; };
		A1A1684F22B4517B00028C8C /* DetailSchoolTableViewController.swift in Sources */ = {isa = PBXBuildFile; fileRef = A1A1684E22B4517B00028C8C /* DetailSchoolTableViewController.swift */; };
		A1A1685322B45F2C00028C8C /* icon.png in Resources */ = {isa = PBXBuildFile; fileRef = A1A1685222B45F2C00028C8C /* icon.png */; };
		A1A1685522B45FFD00028C8C /* kid.png in Resources */ = {isa = PBXBuildFile; fileRef = A1A1685422B45FFD00028C8C /* kid.png */; };
		A1A1685722B462D800028C8C /* children.png in Resources */ = {isa = PBXBuildFile; fileRef = A1A1685622B462D800028C8C /* children.png */; };
		A1A1685A22B465EF00028C8C /* stars.png in Resources */ = {isa = PBXBuildFile; fileRef = A1A1685822B465EF00028C8C /* stars.png */; };
		A1A1685D22B466A400028C8C /* age.png in Resources */ = {isa = PBXBuildFile; fileRef = A1A1685C22B466A400028C8C /* age.png */; };
/* End PBXBuildFile section */

/* Begin PBXFileReference section */
		A11C23B022A2820000B92D47 /* SGP_TermProject.app */ = {isa = PBXFileReference; explicitFileType = wrapper.application; includeInIndex = 0; path = SGP_TermProject.app; sourceTree = BUILT_PRODUCTS_DIR; };
		A11C23B322A2820000B92D47 /* AppDelegate.swift */ = {isa = PBXFileReference; lastKnownFileType = sourcecode.swift; path = AppDelegate.swift; sourceTree = "<group>"; };
		A11C23B522A2820000B92D47 /* ViewController.swift */ = {isa = PBXFileReference; lastKnownFileType = sourcecode.swift; path = ViewController.swift; sourceTree = "<group>"; };
		A11C23B822A2820000B92D47 /* Base */ = {isa = PBXFileReference; lastKnownFileType = file.storyboard; name = Base; path = Base.lproj/Main.storyboard; sourceTree = "<group>"; };
		A11C23BA22A2820100B92D47 /* Assets.xcassets */ = {isa = PBXFileReference; lastKnownFileType = folder.assetcatalog; path = Assets.xcassets; sourceTree = "<group>"; };
		A11C23BD22A2820100B92D47 /* Base */ = {isa = PBXFileReference; lastKnownFileType = file.storyboard; name = Base; path = Base.lproj/LaunchScreen.storyboard; sourceTree = "<group>"; };
		A11C23BF22A2820100B92D47 /* Info.plist */ = {isa = PBXFileReference; lastKnownFileType = text.plist.xml; path = Info.plist; sourceTree = "<group>"; };
		A11C23C522A2A54B00B92D47 /* KindergartenTableViewController.swift */ = {isa = PBXFileReference; lastKnownFileType = sourcecode.swift; path = KindergartenTableViewController.swift; sourceTree = "<group>"; };
		A11C23C722A2AF8B00B92D47 /* MapViewController.swift */ = {isa = PBXFileReference; lastKnownFileType = sourcecode.swift; path = MapViewController.swift; sourceTree = "<group>"; };
		A14B032622A3D55D004C7E98 /* Kidergarten.swift */ = {isa = PBXFileReference; lastKnownFileType = sourcecode.swift; path = Kidergarten.swift; sourceTree = "<group>"; };
		A14B032822A3DC94004C7E98 /* DetailKidergartenTableViewController.swift */ = {isa = PBXFileReference; lastKnownFileType = sourcecode.swift; path = DetailKidergartenTableViewController.swift; sourceTree = "<group>"; };
		A181135D22A45C84002A15C8 /* KiderImage.jpg */ = {isa = PBXFileReference; lastKnownFileType = image.jpeg; path = KiderImage.jpg; sourceTree = "<group>"; };
		A1A1684622B40FE500028C8C /* ChoiceViewController.swift */ = {isa = PBXFileReference; lastKnownFileType = sourcecode.swift; path = ChoiceViewController.swift; sourceTree = "<group>"; };
		A1A1684822B43C5400028C8C /* SearchViewController.swift */ = {isa = PBXFileReference; lastKnownFileType = sourcecode.swift; path = SearchViewController.swift; sourceTree = "<group>"; };
		A1A1684A22B44EDF00028C8C /* SchoolViewController.swift */ = {isa = PBXFileReference; lastKnownFileType = sourcecode.swift; path = SchoolViewController.swift; sourceTree = "<group>"; };
		A1A1684C22B4509A00028C8C /* SchoolTableViewController.swift */ = {isa = PBXFileReference; lastKnownFileType = sourcecode.swift; path = SchoolTableViewController.swift; sourceTree = "<group>"; };
		A1A1684E22B4517B00028C8C /* DetailSchoolTableViewController.swift */ = {isa = PBXFileReference; lastKnownFileType = sourcecode.swift; path = DetailSchoolTableViewController.swift; sourceTree = "<group>"; };
		A1A1685222B45F2C00028C8C /* icon.png */ = {isa = PBXFileReference; lastKnownFileType = image.png; path = icon.png; sourceTree = "<group>"; };
		A1A1685422B45FFD00028C8C /* kid.png */ = {isa = PBXFileReference; lastKnownFileType = image.png; path = kid.png; sourceTree = "<group>"; };
		A1A1685622B462D800028C8C /* children.png */ = {isa = PBXFileReference; lastKnownFileType = image.png; path = children.png; sourceTree = "<group>"; };
		A1A1685822B465EF00028C8C /* stars.png */ = {isa = PBXFileReference; lastKnownFileType = image.png; path = stars.png; sourceTree = "<group>"; };
		A1A1685C22B466A400028C8C /* age.png */ = {isa = PBXFileReference; lastKnownFileType = image.png; path = age.png; sourceTree = "<group>"; };
/* End PBXFileReference section */

/* Begin PBXFrameworksBuildPhase section */
		A11C23AD22A2820000B92D47 /* Frameworks */ = {
			isa = PBXFrameworksBuildPhase;
			buildActionMask = 2147483647;
			files = (
			);
			runOnlyForDeploymentPostprocessing = 0;
		};
/* End PBXFrameworksBuildPhase section */

/* Begin PBXGroup section */
		A11C23A722A2820000B92D47 = {
			isa = PBXGroup;
			children = (
				A11C23B222A2820000B92D47 /* SGP_TermProject */,
				A11C23B122A2820000B92D47 /* Products */,
			);
			sourceTree = "<group>";
		};
		A11C23B122A2820000B92D47 /* Products */ = {
			isa = PBXGroup;
			children = (
				A11C23B022A2820000B92D47 /* SGP_TermProject.app */,
			);
			name = Products;
			sourceTree = "<group>";
		};
		A11C23B222A2820000B92D47 /* SGP_TermProject */ = {
			isa = PBXGroup;
			children = (
				A11C23B322A2820000B92D47 /* AppDelegate.swift */,
				A11C23B522A2820000B92D47 /* ViewController.swift */,
				A11C23B722A2820000B92D47 /* Main.storyboard */,
				A11C23BA22A2820100B92D47 /* Assets.xcassets */,
				A11C23BC22A2820100B92D47 /* LaunchScreen.storyboard */,
				A11C23BF22A2820100B92D47 /* Info.plist */,
				A11C23C522A2A54B00B92D47 /* KindergartenTableViewController.swift */,
				A11C23C722A2AF8B00B92D47 /* MapViewController.swift */,
				A14B032622A3D55D004C7E98 /* Kidergarten.swift */,
				A14B032822A3DC94004C7E98 /* DetailKidergartenTableViewController.swift */,
				A1A1685622B462D800028C8C /* children.png */,
				A1A1685C22B466A400028C8C /* age.png */,
				A1A1685422B45FFD00028C8C /* kid.png */,
				A1A1685822B465EF00028C8C /* stars.png */,
				A1A1685222B45F2C00028C8C /* icon.png */,
				A181135D22A45C84002A15C8 /* KiderImage.jpg */,
				A1A1684622B40FE500028C8C /* ChoiceViewController.swift */,
				A1A1684822B43C5400028C8C /* SearchViewController.swift */,
				A1A1684A22B44EDF00028C8C /* SchoolViewController.swift */,
				A1A1684C22B4509A00028C8C /* SchoolTableViewController.swift */,
				A1A1684E22B4517B00028C8C /* DetailSchoolTableViewController.swift */,
			);
			path = SGP_TermProject;
			sourceTree = "<group>";
		};
/* End PBXGroup section */

/* Begin PBXNativeTarget section */
		A11C23AF22A2820000B92D47 /* SGP_TermProject */ = {
			isa = PBXNativeTarget;
			buildConfigurationList = A11C23C222A2820100B92D47 /* Build configuration list for PBXNativeTarget "SGP_TermProject" */;
			buildPhases = (
				A11C23AC22A2820000B92D47 /* Sources */,
				A11C23AD22A2820000B92D47 /* Frameworks */,
				A11C23AE22A2820000B92D47 /* Resources */,
			);
			buildRules = (
			);
			dependencies = (
			);
			name = SGP_TermProject;
			productName = SGP_TermProject;
			productReference = A11C23B022A2820000B92D47 /* SGP_TermProject.app */;
			productType = "com.apple.product-type.application";
		};
/* End PBXNativeTarget section */

/* Begin PBXProject section */
		A11C23A822A2820000B92D47 /* Project object */ = {
			isa = PBXProject;
			attributes = {
				LastSwiftUpdateCheck = 1010;
				LastUpgradeCheck = 1010;
				ORGANIZATIONNAME = "JEONGUN JO";
				TargetAttributes = {
					A11C23AF22A2820000B92D47 = {
						CreatedOnToolsVersion = 10.1;
					};
				};
			};
			buildConfigurationList = A11C23AB22A2820000B92D47 /* Build configuration list for PBXProject "SGP_TermProject" */;
			compatibilityVersion = "Xcode 9.3";
			developmentRegion = en;
			hasScannedForEncodings = 0;
			knownRegions = (
				en,
				Base,
			);
			mainGroup = A11C23A722A2820000B92D47;
			productRefGroup = A11C23B122A2820000B92D47 /* Products */;
			projectDirPath = "";
			projectRoot = "";
			targets = (
				A11C23AF22A2820000B92D47 /* SGP_TermProject */,
			);
		};
/* End PBXProject section */

/* Begin PBXResourcesBuildPhase section */
		A11C23AE22A2820000B92D47 /* Resources */ = {
			isa = PBXResourcesBuildPhase;
			buildActionMask = 2147483647;
			files = (
				A1A1685522B45FFD00028C8C /* kid.png in Resources */,
				A1A1685A22B465EF00028C8C /* stars.png in Resources */,
				A11C23BE22A2820100B92D47 /* LaunchScreen.storyboard in Resources */,
				A1A1685D22B466A400028C8C /* age.png in Resources */,
				A1A1685322B45F2C00028C8C /* icon.png in Resources */,
				A11C23BB22A2820100B92D47 /* Assets.xcassets in Resources */,
				A1A1685722B462D800028C8C /* children.png in Resources */,
				A11C23B922A2820000B92D47 /* Main.storyboard in Resources */,
				A181135E22A45C84002A15C8 /* KiderImage.jpg in Resources */,
			);
			runOnlyForDeploymentPostprocessing = 0;
		};
/* End PBXResourcesBuildPhase section */

/* Begin PBXSourcesBuildPhase section */
		A11C23AC22A2820000B92D47 /* Sources */ = {
			isa = PBXSourcesBuildPhase;
			buildActionMask = 2147483647;
			files = (
				A11C23B622A2820000B92D47 /* ViewController.swift in Sources */,
				A14B032722A3D55D004C7E98 /* Kidergarten.swift in Sources */,
				A1A1684922B43C5400028C8C /* SearchViewController.swift in Sources */,
				A11C23B422A2820000B92D47 /* AppDelegate.swift in Sources */,
				A14B032922A3DC94004C7E98 /* DetailKidergartenTableViewController.swift in Sources */,
				A11C23C622A2A54B00B92D47 /* KindergartenTableViewController.swift in Sources */,
				A11C23C822A2AF8B00B92D47 /* MapViewController.swift in Sources */,
				A1A1684D22B4509A00028C8C /* SchoolTableViewController.swift in Sources */,
				A1A1684F22B4517B00028C8C /* DetailSchoolTableViewController.swift in Sources */,
				A1A1684722B40FE500028C8C /* ChoiceViewController.swift in Sources */,
				A1A1684B22B44EDF00028C8C /* SchoolViewController.swift in Sources */,
			);
			runOnlyForDeploymentPostprocessing = 0;
		};
/* End PBXSourcesBuildPhase section */

/* Begin PBXVariantGroup section */
		A11C23B722A2820000B92D47 /* Main.storyboard */ = {
			isa = PBXVariantGroup;
			children = (
				A11C23B822A2820000B92D47 /* Base */,
			);
			name = Main.storyboard;
			sourceTree = "<group>";
		};
		A11C23BC22A2820100B92D47 /* LaunchScreen.storyboard */ = {
			isa = PBXVariantGroup;
			children = (
				A11C23BD22A2820100B92D47 /* Base */,
			);
			name = LaunchScreen.storyboard;
			sourceTree = "<group>";
		};
/* End PBXVariantGroup section */

/* Begin XCBuildConfiguration section */
		A11C23C022A2820100B92D47 /* Debug */ = {
			isa = XCBuildConfiguration;
			buildSettings = {
				ALWAYS_SEARCH_USER_PATHS = NO;
				CLANG_ANALYZER_NONNULL = YES;
				CLANG_ANALYZER_NUMBER_OBJECT_CONVERSION = YES_AGGRESSIVE;
				CLANG_CXX_LANGUAGE_STANDARD = "gnu++14";
				CLANG_CXX_LIBRARY = "libc++";
				CLANG_ENABLE_MODULES = YES;
				CLANG_ENABLE_OBJC_ARC = YES;
				CLANG_ENABLE_OBJC_WEAK = YES;
				CLANG_WARN_BLOCK_CAPTURE_AUTORELEASING = YES;
				CLANG_WARN_BOOL_CONVERSION = YES;
				CLANG_WARN_COMMA = YES;
				CLANG_WARN_CONSTANT_CONVERSION = YES;
				CLANG_WARN_DEPRECATED_OBJC_IMPLEMENTATIONS = YES;
				CLANG_WARN_DIRECT_OBJC_ISA_USAGE = YES_ERROR;
				CLANG_WARN_DOCUMENTATION_COMMENTS = YES;
				CLANG_WARN_EMPTY_BODY = YES;
				CLANG_WARN_ENUM_CONVERSION = YES;
				CLANG_WARN_INFINITE_RECURSION = YES;
				CLANG_WARN_INT_CONVERSION = YES;
				CLANG_WARN_NON_LITERAL_NULL_CONVERSION = YES;
				CLANG_WARN_OBJC_IMPLICIT_RETAIN_SELF = YES;
				CLANG_WARN_OBJC_LITERAL_CONVERSION = YES;
				CLANG_WARN_OBJC_ROOT_CLASS = YES_ERROR;
				CLANG_WARN_RANGE_LOOP_ANALYSIS = YES;
				CLANG_WARN_STRICT_PROTOTYPES = YES;
				CLANG_WARN_SUSPICIOUS_MOVE = YES;
				CLANG_WARN_UNGUARDED_AVAILABILITY = YES_AGGRESSIVE;
				CLANG_WARN_UNREACHABLE_CODE = YES;
				CLANG_WARN__DUPLICATE_METHOD_MATCH = YES;
				CODE_SIGN_IDENTITY = "iPhone Developer";
				COPY_PHASE_STRIP = NO;
				DEBUG_INFORMATION_FORMAT = dwarf;
				ENABLE_STRICT_OBJC_MSGSEND = YES;
				ENABLE_TESTABILITY = YES;
				GCC_C_LANGUAGE_STANDARD = gnu11;
				GCC_DYNAMIC_NO_PIC = NO;
				GCC_NO_COMMON_BLOCKS = YES;
				GCC_OPTIMIZATION_LEVEL = 0;
				GCC_PREPROCESSOR_DEFINITIONS = (
					"DEBUG=1",
					"$(inherited)",
				);
				GCC_WARN_64_TO_32_BIT_CONVERSION = YES;
				GCC_WARN_ABOUT_RETURN_TYPE = YES_ERROR;
				GCC_WARN_UNDECLARED_SELECTOR = YES;
				GCC_WARN_UNINITIALIZED_AUTOS = YES_AGGRESSIVE;
				GCC_WARN_UNUSED_FUNCTION = YES;
				GCC_WARN_UNUSED_VARIABLE = YES;
				IPHONEOS_DEPLOYMENT_TARGET = 12.1;
				MTL_ENABLE_DEBUG_INFO = INCLUDE_SOURCE;
				MTL_FAST_MATH = YES;
				ONLY_ACTIVE_ARCH = YES;
				SDKROOT = iphoneos;
				SWIFT_ACTIVE_COMPILATION_CONDITIONS = DEBUG;
				SWIFT_OPTIMIZATION_LEVEL = "-Onone";
			};
			name = Debug;
		};
		A11C23C122A2820100B92D47 /* Release */ = {
			isa = XCBuildConfiguration;
			buildSettings = {
				ALWAYS_SEARCH_USER_PATHS = NO;
				CLANG_ANALYZER_NONNULL = YES;
				CLANG_ANALYZER_NUMBER_OBJECT_CONVERSION = YES_AGGRESSIVE;
				CLANG_CXX_LANGUAGE_STANDARD = "gnu++14";
				CLANG_CXX_LIBRARY = "libc++";
				CLANG_ENABLE_MODULES = YES;
				CLANG_ENABLE_OBJC_ARC = YES;
				CLANG_ENABLE_OBJC_WEAK = YES;
				CLANG_WARN_BLOCK_CAPTURE_AUTORELEASING = YES;
				CLANG_WARN_BOOL_CONVERSION = YES;
				CLANG_WARN_COMMA = YES;
				CLANG_WARN_CONSTANT_CONVERSION = YES;
				CLANG_WARN_DEPRECATED_OBJC_IMPLEMENTATIONS = YES;
				CLANG_WARN_DIRECT_OBJC_ISA_USAGE = YES_ERROR;
				CLANG_WARN_DOCUMENTATION_COMMENTS = YES;
				CLANG_WARN_EMPTY_BODY = YES;
				CLANG_WARN_ENUM_CONVERSION = YES;
				CLANG_WARN_INFINITE_RECURSION = YES;
				CLANG_WARN_INT_CONVERSION = YES;
				CLANG_WARN_NON_LITERAL_NULL_CONVERSION = YES;
				CLANG_WARN_OBJC_IMPLICIT_RETAIN_SELF = YES;
				CLANG_WARN_OBJC_LITERAL_CONVERSION = YES;
				CLANG_WARN_OBJC_ROOT_CLASS = YES_ERROR;
				CLANG_WARN_RANGE_LOOP_ANALYSIS = YES;
				CLANG_WARN_STRICT_PROTOTYPES = YES;
				CLANG_WARN_SUSPICIOUS_MOVE = YES;
				CLANG_WARN_UNGUARDED_AVAILABILITY = YES_AGGRESSIVE;
				CLANG_WARN_UNREACHABLE_CODE = YES;
				CLANG_WARN__DUPLICATE_METHOD_MATCH = YES;
				CODE_SIGN_IDENTITY = "iPhone Developer";
				COPY_PHASE_STRIP = NO;
				DEBUG_INFORMATION_FORMAT = "dwarf-with-dsym";
				ENABLE_NS_ASSERTIONS = NO;
				ENABLE_STRICT_OBJC_MSGSEND = YES;
				GCC_C_LANGUAGE_STANDARD = gnu11;
				GCC_NO_COMMON_BLOCKS = YES;
				GCC_WARN_64_TO_32_BIT_CONVERSION = YES;
				GCC_WARN_ABOUT_RETURN_TYPE = YES_ERROR;
				GCC_WARN_UNDECLARED_SELECTOR = YES;
				GCC_WARN_UNINITIALIZED_AUTOS = YES_AGGRESSIVE;
				GCC_WARN_UNUSED_FUNCTION = YES;
				GCC_WARN_UNUSED_VARIABLE = YES;
				IPHONEOS_DEPLOYMENT_TARGET = 12.1;
				MTL_ENABLE_DEBUG_INFO = NO;
				MTL_FAST_MATH = YES;
				SDKROOT = iphoneos;
				SWIFT_COMPILATION_MODE = wholemodule;
				SWIFT_OPTIMIZATION_LEVEL = "-O";
				VALIDATE_PRODUCT = YES;
			};
			name = Release;
		};
		A11C23C322A2820100B92D47 /* Debug */ = {
			isa = XCBuildConfiguration;
			buildSettings = {
				ASSETCATALOG_COMPILER_APPICON_NAME = AppIcon;
				CODE_SIGN_STYLE = Automatic;
				DEVELOPMENT_TEAM = 5U54W3L5B9;
				INFOPLIST_FILE = SGP_TermProject/Info.plist;
				IPHONEOS_DEPLOYMENT_TARGET = 12.2;
				LD_RUNPATH_SEARCH_PATHS = (
					"$(inherited)",
					"@executable_path/Frameworks",
				);
				PRODUCT_BUNDLE_IDENTIFIER = "kpu.2019.class.SGP-TermProject";
				PRODUCT_NAME = "$(TARGET_NAME)";
				SWIFT_VERSION = 4.2;
				TARGETED_DEVICE_FAMILY = "1,2";
			};
			name = Debug;
		};
		A11C23C422A2820100B92D47 /* Release */ = {
			isa = XCBuildConfiguration;
			buildSettings = {
				ASSETCATALOG_COMPILER_APPICON_NAME = AppIcon;
				CODE_SIGN_STYLE = Automatic;
				DEVELOPMENT_TEAM = 5U54W3L5B9;
				INFOPLIST_FILE = SGP_TermProject/Info.plist;
				IPHONEOS_DEPLOYMENT_TARGET = 12.2;
				LD_RUNPATH_SEARCH_PATHS = (
					"$(inherited)",
					"@executable_path/Frameworks",
				);
				PRODUCT_BUNDLE_IDENTIFIER = "kpu.2019.class.SGP-TermProject";
				PRODUCT_NAME = "$(TARGET_NAME)";
				SWIFT_VERSION = 4.2;
				TARGETED_DEVICE_FAMILY = "1,2";
			};
			name = Release;
		};
/* End XCBuildConfiguration section */

/* Begin XCConfigurationList section */
		A11C23AB22A2820000B92D47 /* Build configuration list for PBXProject "SGP_TermProject" */ = {
			isa = XCConfigurationList;
			buildConfigurations = (
				A11C23C022A2820100B92D47 /* Debug */,
				A11C23C122A2820100B92D47 /* Release */,
			);
			defaultConfigurationIsVisible = 0;
			defaultConfigurationName = Release;
		};
		A11C23C222A2820100B92D47 /* Build configuration list for PBXNativeTarget "SGP_TermProject" */ = {
			isa = XCConfigurationList;
			buildConfigurations = (
				A11C23C322A2820100B92D47 /* Debug */,
				A11C23C422A2820100B92D47 /* Release */,
			);
			defaultConfigurationIsVisible = 0;
			defaultConfigurationName = Release;
		};
/* End XCConfigurationList section */
	};
	rootObject = A11C23A822A2820000B92D47 /* Project object */;
}
